
Microsoft Visual Studio Solution File, Format Version 12.00
# Visual Studio 15
VisualStudioVersion = 15.0.27703.2000
MinimumVisualStudioVersion = 10.0.40219.1
Project("{FAE04EC0-301F-11D3-BF4B-00C04F79EFBC}") = "ListasDoblementeEnlazadas", "ListasDoblementeEnlazadas\ListasDoblementeEnlazadas.csproj", "{47AF7603-21CC-4573-923E-19E9999B6565}"
EndProject
Global
	GlobalSection(SolutionConfigurationPlatforms) = preSolution
		Debug|Any CPU = Debug|Any CPU
		Release|Any CPU = Release|Any CPU
	EndGlobalSection
	GlobalSection(ProjectConfigurationPlatforms) = postSolution
		{47AF7603-21CC-4573-923E-19E9999B6565}.Debug|Any CPU.ActiveCfg = Debug|Any CPU
		{47AF7603-21CC-4573-923E-19E9999B6565}.Debug|Any CPU.Build.0 = Debug|Any CPU
		{47AF7603-21CC-4573-923E-19E9999B6565}.Release|Any CPU.ActiveCfg = Release|Any CPU
		{47AF7603-21CC-4573-923E-19E9999B6565}.Release|Any CPU.Build.0 = Release|Any CPU
	EndGlobalSection
	GlobalSection(SolutionProperties) = preSolution
		HideSolutionNode = FALSE
	EndGlobalSection
	GlobalSection(ExtensibilityGlobals) = postSolution
		SolutionGuid = {135FA187-89EB-4641-853D-5142204F3DF0}
	EndGlobalSection
EndGlobal
